{
  "name": "jsts-dom",
  "version": "0.0.1",
  "lockfileVersion": 1,
  "requires": true,
  "dependencies": {
    "jsts-engine": {
      "version": "0.0.1",
      "resolved": "https://registry.npmjs.org/jsts-engine/-/jsts-engine-0.0.1.tgz",
      "integrity": "sha512-mI3pRsT1DrwooqaTIOM+/We3HBKD3e9D7WaW9o0sk3bY0A1RQyhFF8EJFlpDdtkGzDbSxntACNsIt80Q6hfOcw=="
    }
  }
}
